{
  "object": {
    "pins": [
      {
        "package": "Common",
        "repositoryURL": "https://github.com/lucabelezal/Common.git",
        "state": {
          "branch": "SPM",
          "revision": "24a24333af1ea2d2e13fa076c513721ec062f5fb",
          "version": null
        }
      },
      {
        "package": "CoordinatorKit",
        "repositoryURL": "https://github.com/bfernandesbfs/CoordinatorKit",
        "state": {
          "branch": "master",
          "revision": "85f7e4f1d6c3b5119da3229195cf4947afaf0d9e",
          "version": null
        }
      }
    ]
  },
  "version": 1
}
